
Microsoft Visual Studio Solution File, Format Version 12.00
# Visual Studio Version 17
VisualStudioVersion = 17.3.32922.545
MinimumVisualStudioVersion = 10.0.40219.1
Project("{FAE04EC0-301F-11D3-BF4B-00C04F79EFBC}") = "analizador", "analizador.csproj", "{C8ADA485-04BB-4F24-892B-0D83C92A2D95}"
EndProject
Global
	GlobalSection(SolutionConfigurationPlatforms) = preSolution
		Debug|Any CPU = Debug|Any CPU
		Release|Any CPU = Release|Any CPU
	EndGlobalSection
	GlobalSection(ProjectConfigurationPlatforms) = postSolution
		{C8ADA485-04BB-4F24-892B-0D83C92A2D95}.Debug|Any CPU.ActiveCfg = Debug|Any CPU
		{C8ADA485-04BB-4F24-892B-0D83C92A2D95}.Debug|Any CPU.Build.0 = Debug|Any CPU
		{C8ADA485-04BB-4F24-892B-0D83C92A2D95}.Release|Any CPU.ActiveCfg = Release|Any CPU
		{C8ADA485-04BB-4F24-892B-0D83C92A2D95}.Release|Any CPU.Build.0 = Release|Any CPU
	EndGlobalSection
	GlobalSection(SolutionProperties) = preSolution
		HideSolutionNode = FALSE
	EndGlobalSection
	GlobalSection(ExtensibilityGlobals) = postSolution
		SolutionGuid = {EB15D4D4-13EA-4B7B-A66C-B69FA644C56F}
	EndGlobalSection
EndGlobal
